// !$*UTF8*$!
{
	archiveVersion = 1;
	classes = {
	};
	objectVersion = 46;
	objects = {

/* Begin PBXBuildFile section */
		7708A5A91CC617800037F210 /* Main.storyboard in Resources */ = {isa = PBXBuildFile; fileRef = 7708A5A71CC617800037F210 /* Main.storyboard */; };
		772F54141CC47AE10048F287 /* AVPlayerController.m in Sources */ = {isa = PBXBuildFile; fileRef = 772F54131CC47AE10048F287 /* AVPlayerController.m */; };
		772F54171CC4C5860048F287 /* NSTimer+Addition.m in Sources */ = {isa = PBXBuildFile; fileRef = 772F54161CC4C5860048F287 /* NSTimer+Addition.m */; };
		772F54591CC4F5550048F287 /* 点.png in Resources */ = {isa = PBXBuildFile; fileRef = 772F54581CC4F5550048F287 /* 点.png */; };
		772F545D1CC4F8810048F287 /* 点 (3).png in Resources */ = {isa = PBXBuildFile; fileRef = 772F545C1CC4F8810048F287 /* 点 (3).png */; };
		772F545F1CC4FD520048F287 /* boxer_dog_72px_1165292_easyicon.net.png in Resources */ = {isa = PBXBuildFile; fileRef = 772F545E1CC4FD520048F287 /* boxer_dog_72px_1165292_easyicon.net.png */; };
		77C2F5741CB69D0A00154DB2 /* main.m in Sources */ = {isa = PBXBuildFile; fileRef = 77C2F5731CB69D0A00154DB2 /* main.m */; };
		77C2F5771CB69D0A00154DB2 /* AppDelegate.m in Sources */ = {isa = PBXBuildFile; fileRef = 77C2F5761CB69D0A00154DB2 /* AppDelegate.m */; };
		77C2F57A1CB69D0A00154DB2 /* ViewController.m in Sources */ = {isa = PBXBuildFile; fileRef = 77C2F5791CB69D0A00154DB2 /* ViewController.m */; };
		77C2F57F1CB69D0A00154DB2 /* Assets.xcassets in Resources */ = {isa = PBXBuildFile; fileRef = 77C2F57E1CB69D0A00154DB2 /* Assets.xcassets */; };
		77C2F5821CB69D0A00154DB2 /* LaunchScreen.storyboard in Resources */ = {isa = PBXBuildFile; fileRef = 77C2F5801CB69D0A00154DB2 /* LaunchScreen.storyboard */; };
		77C2F58D1CB69D0B00154DB2 /* AVPlayerTests.m in Sources */ = {isa = PBXBuildFile; fileRef = 77C2F58C1CB69D0B00154DB2 /* AVPlayerTests.m */; };
		77C2F5981CB69D0B00154DB2 /* AVPlayerUITests.m in Sources */ = {isa = PBXBuildFile; fileRef = 77C2F5971CB69D0B00154DB2 /* AVPlayerUITests.m */; };
		77C2F5B11CB69DEF00154DB2 /* PlayVIew.m in Sources */ = {isa = PBXBuildFile; fileRef = 77C2F5B01CB69DEF00154DB2 /* PlayVIew.m */; };
		77C2F5B31CB69E0100154DB2 /* PlayView.xib in Resources */ = {isa = PBXBuildFile; fileRef = 77C2F5B21CB69E0000154DB2 /* PlayView.xib */; };
		77F971A41CB9520C002CB360 /* MovieModel.m in Sources */ = {isa = PBXBuildFile; fileRef = 77F971A31CB9520C002CB360 /* MovieModel.m */; };
/* End PBXBuildFile section */

/* Begin PBXContainerItemProxy section */
		77C2F5891CB69D0B00154DB2 /* PBXContainerItemProxy */ = {
			isa = PBXContainerItemProxy;
			containerPortal = 77C2F5671CB69D0A00154DB2 /* Project object */;
			proxyType = 1;
			remoteGlobalIDString = 77C2F56E1CB69D0A00154DB2;
			remoteInfo = AVPlayer;
		};
		77C2F5941CB69D0B00154DB2 /* PBXContainerItemProxy */ = {
			isa = PBXContainerItemProxy;
			containerPortal = 77C2F5671CB69D0A00154DB2 /* Project object */;
			proxyType = 1;
			remoteGlobalIDString = 77C2F56E1CB69D0A00154DB2;
			remoteInfo = AVPlayer;
		};
/* End PBXContainerItemProxy section */

/* Begin PBXFileReference section */
		7708A5A81CC617800037F210 /* Base */ = {isa = PBXFileReference; lastKnownFileType = file.storyboard; name = Base; path = Base.lproj/Main.storyboard; sourceTree = "<group>"; };
		772F54121CC47AE10048F287 /* AVPlayerController.h */ = {isa = PBXFileReference; fileEncoding = 4; lastKnownFileType = sourcecode.c.h; path = AVPlayerController.h; sourceTree = "<group>"; };
		772F54131CC47AE10048F287 /* AVPlayerController.m */ = {isa = PBXFileReference; fileEncoding = 4; lastKnownFileType = sourcecode.c.objc; path = AVPlayerController.m; sourceTree = "<group>"; };
		772F54151CC4C5860048F287 /* NSTimer+Addition.h */ = {isa = PBXFileReference; fileEncoding = 4; lastKnownFileType = sourcecode.c.h; path = "NSTimer+Addition.h"; sourceTree = "<group>"; };
		772F54161CC4C5860048F287 /* NSTimer+Addition.m */ = {isa = PBXFileReference; fileEncoding = 4; lastKnownFileType = sourcecode.c.objc; path = "NSTimer+Addition.m"; sourceTree = "<group>"; };
		772F54581CC4F5550048F287 /* 点.png */ = {isa = PBXFileReference; lastKnownFileType = image.png; path = "点.png"; sourceTree = "<group>"; };
		772F545C1CC4F8810048F287 /* 点 (3).png */ = {isa = PBXFileReference; lastKnownFileType = image.png; path = "点 (3).png"; sourceTree = "<group>"; };
		772F545E1CC4FD520048F287 /* boxer_dog_72px_1165292_easyicon.net.png */ = {isa = PBXFileReference; lastKnownFileType = image.png; path = boxer_dog_72px_1165292_easyicon.net.png; sourceTree = "<group>"; };
		77C2F56F1CB69D0A00154DB2 /* AVPlayer.app */ = {isa = PBXFileReference; explicitFileType = wrapper.application; includeInIndex = 0; path = AVPlayer.app; sourceTree = BUILT_PRODUCTS_DIR; };
		77C2F5731CB69D0A00154DB2 /* main.m */ = {isa = PBXFileReference; lastKnownFileType = sourcecode.c.objc; path = main.m; sourceTree = "<group>"; };
		77C2F5751CB69D0A00154DB2 /* AppDelegate.h */ = {isa = PBXFileReference; lastKnownFileType = sourcecode.c.h; path = AppDelegate.h; sourceTree = "<group>"; };
		77C2F5761CB69D0A00154DB2 /* AppDelegate.m */ = {isa = PBXFileReference; lastKnownFileType = sourcecode.c.objc; path = AppDelegate.m; sourceTree = "<group>"; };
		77C2F5781CB69D0A00154DB2 /* ViewController.h */ = {isa = PBXFileReference; lastKnownFileType = sourcecode.c.h; path = ViewController.h; sourceTree = "<group>"; };
		77C2F5791CB69D0A00154DB2 /* ViewController.m */ = {isa = PBXFileReference; lastKnownFileType = sourcecode.c.objc; path = ViewController.m; sourceTree = "<group>"; };
		77C2F57E1CB69D0A00154DB2 /* Assets.xcassets */ = {isa = PBXFileReference; lastKnownFileType = folder.assetcatalog; path = Assets.xcassets; sourceTree = "<group>"; };
		77C2F5811CB69D0A00154DB2 /* Base */ = {isa = PBXFileReference; lastKnownFileType = file.storyboard; name = Base; path = Base.lproj/LaunchScreen.storyboard; sourceTree = "<group>"; };
		77C2F5831CB69D0A00154DB2 /* Info.plist */ = {isa = PBXFileReference; lastKnownFileType = text.plist.xml; path = Info.plist; sourceTree = "<group>"; };
		77C2F5881CB69D0B00154DB2 /* AVPlayerTests.xctest */ = {isa = PBXFileReference; explicitFileType = wrapper.cfbundle; includeInIndex = 0; path = AVPlayerTests.xctest; sourceTree = BUILT_PRODUCTS_DIR; };
		77C2F58C1CB69D0B00154DB2 /* AVPlayerTests.m */ = {isa = PBXFileReference; lastKnownFileType = sourcecode.c.objc; path = AVPlayerTests.m; sourceTree = "<group>"; };
		77C2F58E1CB69D0B00154DB2 /* Info.plist */ = {isa = PBXFileReference; lastKnownFileType = text.plist.xml; path = Info.plist; sourceTree = "<group>"; };
		77C2F5931CB69D0B00154DB2 /* AVPlayerUITests.xctest */ = {isa = PBXFileReference; explicitFileType = wrapper.cfbundle; includeInIndex = 0; path = AVPlayerUITests.xctest; sourceTree = BUILT_PRODUCTS_DIR; };
		77C2F5971CB69D0B00154DB2 /* AVPlayerUITests.m */ = {isa = PBXFileReference; lastKnownFileType = sourcecode.c.objc; path = AVPlayerUITests.m; sourceTree = "<group>"; };
		77C2F5991CB69D0B00154DB2 /* Info.plist */ = {isa = PBXFileReference; lastKnownFileType = text.plist.xml; path = Info.plist; sourceTree = "<group>"; };
		77C2F5AF1CB69DEF00154DB2 /* PlayVIew.h */ = {isa = PBXFileReference; fileEncoding = 4; lastKnownFileType = sourcecode.c.h; path = PlayVIew.h; sourceTree = "<group>"; };
		77C2F5B01CB69DEF00154DB2 /* PlayVIew.m */ = {isa = PBXFileReference; fileEncoding = 4; lastKnownFileType = sourcecode.c.objc; path = PlayVIew.m; sourceTree = "<group>"; };
		77C2F5B21CB69E0000154DB2 /* PlayView.xib */ = {isa = PBXFileReference; fileEncoding = 4; lastKnownFileType = file.xib; path = PlayView.xib; sourceTree = "<group>"; };
		77F971A21CB9520C002CB360 /* MovieModel.h */ = {isa = PBXFileReference; fileEncoding = 4; lastKnownFileType = sourcecode.c.h; path = MovieModel.h; sourceTree = "<group>"; };
		77F971A31CB9520C002CB360 /* MovieModel.m */ = {isa = PBXFileReference; fileEncoding = 4; lastKnownFileType = sourcecode.c.objc; path = MovieModel.m; sourceTree = "<group>"; };
/* End PBXFileReference section */

/* Begin PBXFrameworksBuildPhase section */
		77C2F56C1CB69D0A00154DB2 /* Frameworks */ = {
			isa = PBXFrameworksBuildPhase;
			buildActionMask = 2147483647;
			files = (
			);
			runOnlyForDeploymentPostprocessing = 0;
		};
		77C2F5851CB69D0B00154DB2 /* Frameworks */ = {
			isa = PBXFrameworksBuildPhase;
			buildActionMask = 2147483647;
			files = (
			);
			runOnlyForDeploymentPostprocessing = 0;
		};
		77C2F5901CB69D0B00154DB2 /* Frameworks */ = {
			isa = PBXFrameworksBuildPhase;
			buildActionMask = 2147483647;
			files = (
			);
			runOnlyForDeploymentPostprocessing = 0;
		};
/* End PBXFrameworksBuildPhase section */

/* Begin PBXGroup section */
		77C2F5661CB69D0A00154DB2 = {
			isa = PBXGroup;
			children = (
				77C2F5711CB69D0A00154DB2 /* AVPlayer */,
				77C2F58B1CB69D0B00154DB2 /* AVPlayerTests */,
				77C2F5961CB69D0B00154DB2 /* AVPlayerUITests */,
				77C2F5701CB69D0A00154DB2 /* Products */,
			);
			sourceTree = "<group>";
		};
		77C2F5701CB69D0A00154DB2 /* Products */ = {
			isa = PBXGroup;
			children = (
				77C2F56F1CB69D0A00154DB2 /* AVPlayer.app */,
				77C2F5881CB69D0B00154DB2 /* AVPlayerTests.xctest */,
				77C2F5931CB69D0B00154DB2 /* AVPlayerUITests.xctest */,
			);
			name = Products;
			sourceTree = "<group>";
		};
		77C2F5711CB69D0A00154DB2 /* AVPlayer */ = {
			isa = PBXGroup;
			children = (
				77C2F5AB1CB69D7200154DB2 /* View */,
				77C2F5AA1CB69D6B00154DB2 /* Model */,
				77C2F5A81CB69D5A00154DB2 /* VC */,
				77C2F5751CB69D0A00154DB2 /* AppDelegate.h */,
				772F54581CC4F5550048F287 /* 点.png */,
				77C2F5761CB69D0A00154DB2 /* AppDelegate.m */,
				77C2F5781CB69D0A00154DB2 /* ViewController.h */,
				77C2F5791CB69D0A00154DB2 /* ViewController.m */,
				772F545E1CC4FD520048F287 /* boxer_dog_72px_1165292_easyicon.net.png */,
				77F971A21CB9520C002CB360 /* MovieModel.h */,
				77F971A31CB9520C002CB360 /* MovieModel.m */,
				7708A5A71CC617800037F210 /* Main.storyboard */,
				77C2F57E1CB69D0A00154DB2 /* Assets.xcassets */,
				772F545C1CC4F8810048F287 /* 点 (3).png */,
				77C2F5801CB69D0A00154DB2 /* LaunchScreen.storyboard */,
				77C2F5831CB69D0A00154DB2 /* Info.plist */,
				77C2F5721CB69D0A00154DB2 /* Supporting Files */,
			);
			path = AVPlayer;
			sourceTree = "<group>";
		};
		77C2F5721CB69D0A00154DB2 /* Supporting Files */ = {
			isa = PBXGroup;
			children = (
				77C2F5731CB69D0A00154DB2 /* main.m */,
			);
			name = "Supporting Files";
			sourceTree = "<group>";
		};
		77C2F58B1CB69D0B00154DB2 /* AVPlayerTests */ = {
			isa = PBXGroup;
			children = (
				77C2F58C1CB69D0B00154DB2 /* AVPlayerTests.m */,
				77C2F58E1CB69D0B00154DB2 /* Info.plist */,
			);
			path = AVPlayerTests;
			sourceTree = "<group>";
		};
		77C2F5961CB69D0B00154DB2 /* AVPlayerUITests */ = {
			isa = PBXGroup;
			children = (
				77C2F5971CB69D0B00154DB2 /* AVPlayerUITests.m */,
				77C2F5991CB69D0B00154DB2 /* Info.plist */,
			);
			path = AVPlayerUITests;
			sourceTree = "<group>";
		};
		77C2F5A81CB69D5A00154DB2 /* VC */ = {
			isa = PBXGroup;
			children = (
				772F54121CC47AE10048F287 /* AVPlayerController.h */,
				772F54131CC47AE10048F287 /* AVPlayerController.m */,
			);
			name = VC;
			sourceTree = "<group>";
		};
		77C2F5AA1CB69D6B00154DB2 /* Model */ = {
			isa = PBXGroup;
			children = (
				772F54151CC4C5860048F287 /* NSTimer+Addition.h */,
				772F54161CC4C5860048F287 /* NSTimer+Addition.m */,
			);
			name = Model;
			sourceTree = "<group>";
		};
		77C2F5AB1CB69D7200154DB2 /* View */ = {
			isa = PBXGroup;
			children = (
				77C2F5AF1CB69DEF00154DB2 /* PlayVIew.h */,
				77C2F5B01CB69DEF00154DB2 /* PlayVIew.m */,
				77C2F5B21CB69E0000154DB2 /* PlayView.xib */,
			);
			name = View;
			sourceTree = "<group>";
		};
/* End PBXGroup section */

/* Begin PBXNativeTarget section */
		77C2F56E1CB69D0A00154DB2 /* AVPlayer */ = {
			isa = PBXNativeTarget;
			buildConfigurationList = 77C2F59C1CB69D0B00154DB2 /* Build configuration list for PBXNativeTarget "AVPlayer" */;
			buildPhases = (
				77C2F56B1CB69D0A00154DB2 /* Sources */,
				77C2F56C1CB69D0A00154DB2 /* Frameworks */,
				77C2F56D1CB69D0A00154DB2 /* Resources */,
			);
			buildRules = (
			);
			dependencies = (
			);
			name = AVPlayer;
			productName = AVPlayer;
			productReference = 77C2F56F1CB69D0A00154DB2 /* AVPlayer.app */;
			productType = "com.apple.product-type.application";
		};
		77C2F5871CB69D0B00154DB2 /* AVPlayerTests */ = {
			isa = PBXNativeTarget;
			buildConfigurationList = 77C2F59F1CB69D0B00154DB2 /* Build configuration list for PBXNativeTarget "AVPlayerTests" */;
			buildPhases = (
				77C2F5841CB69D0B00154DB2 /* Sources */,
				77C2F5851CB69D0B00154DB2 /* Frameworks */,
				77C2F5861CB69D0B00154DB2 /* Resources */,
			);
			buildRules = (
			);
			dependencies = (
				77C2F58A1CB69D0B00154DB2 /* PBXTargetDependency */,
			);
			name = AVPlayerTests;
			productName = AVPlayerTests;
			productReference = 77C2F5881CB69D0B00154DB2 /* AVPlayerTests.xctest */;
			productType = "com.apple.product-type.bundle.unit-test";
		};
		77C2F5921CB69D0B00154DB2 /* AVPlayerUITests */ = {
			isa = PBXNativeTarget;
			buildConfigurationList = 77C2F5A21CB69D0B00154DB2 /* Build configuration list for PBXNativeTarget "AVPlayerUITests" */;
			buildPhases = (
				77C2F58F1CB69D0B00154DB2 /* Sources */,
				77C2F5901CB69D0B00154DB2 /* Frameworks */,
				77C2F5911CB69D0B00154DB2 /* Resources */,
			);
			buildRules = (
			);
			dependencies = (
				77C2F5951CB69D0B00154DB2 /* PBXTargetDependency */,
			);
			name = AVPlayerUITests;
			productName = AVPlayerUITests;
			productReference = 77C2F5931CB69D0B00154DB2 /* AVPlayerUITests.xctest */;
			productType = "com.apple.product-type.bundle.ui-testing";
		};
/* End PBXNativeTarget section */

/* Begin PBXProject section */
		77C2F5671CB69D0A00154DB2 /* Project object */ = {
			isa = PBXProject;
			attributes = {
				LastUpgradeCheck = 0720;
				ORGANIZATIONNAME = "诸超杰";
				TargetAttributes = {
					77C2F56E1CB69D0A00154DB2 = {
						CreatedOnToolsVersion = 7.2;
						DevelopmentTeam = S57R497897;
					};
					77C2F5871CB69D0B00154DB2 = {
						CreatedOnToolsVersion = 7.2;
						TestTargetID = 77C2F56E1CB69D0A00154DB2;
					};
					77C2F5921CB69D0B00154DB2 = {
						CreatedOnToolsVersion = 7.2;
						TestTargetID = 77C2F56E1CB69D0A00154DB2;
					};
				};
			};
			buildConfigurationList = 77C2F56A1CB69D0A00154DB2 /* Build configuration list for PBXProject "AVPlayer" */;
			compatibilityVersion = "Xcode 3.2";
			developmentRegion = English;
			hasScannedForEncodings = 0;
			knownRegions = (
				en,
				Base,
			);
			mainGroup = 77C2F5661CB69D0A00154DB2;
			productRefGroup = 77C2F5701CB69D0A00154DB2 /* Products */;
			projectDirPath = "";
			projectRoot = "";
			targets = (
				77C2F56E1CB69D0A00154DB2 /* AVPlayer */,
				77C2F5871CB69D0B00154DB2 /* AVPlayerTests */,
				77C2F5921CB69D0B00154DB2 /* AVPlayerUITests */,
			);
		};
/* End PBXProject section */

/* Begin PBXResourcesBuildPhase section */
		77C2F56D1CB69D0A00154DB2 /* Resources */ = {
			isa = PBXResourcesBuildPhase;
			buildActionMask = 2147483647;
			files = (
				77C2F5821CB69D0A00154DB2 /* LaunchScreen.storyboard in Resources */,
				772F545D1CC4F8810048F287 /* 点 (3).png in Resources */,
				77C2F57F1CB69D0A00154DB2 /* Assets.xcassets in Resources */,
				77C2F5B31CB69E0100154DB2 /* PlayView.xib in Resources */,
				7708A5A91CC617800037F210 /* Main.storyboard in Resources */,
				772F54591CC4F5550048F287 /* 点.png in Resources */,
				772F545F1CC4FD520048F287 /* boxer_dog_72px_1165292_easyicon.net.png in Resources */,
			);
			runOnlyForDeploymentPostprocessing = 0;
		};
		77C2F5861CB69D0B00154DB2 /* Resources */ = {
			isa = PBXResourcesBuildPhase;
			buildActionMask = 2147483647;
			files = (
			);
			runOnlyForDeploymentPostprocessing = 0;
		};
		77C2F5911CB69D0B00154DB2 /* Resources */ = {
			isa = PBXResourcesBuildPhase;
			buildActionMask = 2147483647;
			files = (
			);
			runOnlyForDeploymentPostprocessing = 0;
		};
/* End PBXResourcesBuildPhase section */

/* Begin PBXSourcesBuildPhase section */
		77C2F56B1CB69D0A00154DB2 /* Sources */ = {
			isa = PBXSourcesBuildPhase;
			buildActionMask = 2147483647;
			files = (
				77C2F57A1CB69D0A00154DB2 /* ViewController.m in Sources */,
				772F54141CC47AE10048F287 /* AVPlayerController.m in Sources */,
				77C2F5771CB69D0A00154DB2 /* AppDelegate.m in Sources */,
				77C2F5741CB69D0A00154DB2 /* main.m in Sources */,
				77F971A41CB9520C002CB360 /* MovieModel.m in Sources */,
				772F54171CC4C5860048F287 /* NSTimer+Addition.m in Sources */,
				77C2F5B11CB69DEF00154DB2 /* PlayVIew.m in Sources */,
			);
			runOnlyForDeploymentPostprocessing = 0;
		};
		77C2F5841CB69D0B00154DB2 /* Sources */ = {
			isa = PBXSourcesBuildPhase;
			buildActionMask = 2147483647;
			files = (
				77C2F58D1CB69D0B00154DB2 /* AVPlayerTests.m in Sources */,
			);
			runOnlyForDeploymentPostprocessing = 0;
		};
		77C2F58F1CB69D0B00154DB2 /* Sources */ = {
			isa = PBXSourcesBuildPhase;
			buildActionMask = 2147483647;
			files = (
				77C2F5981CB69D0B00154DB2 /* AVPlayerUITests.m in Sources */,
			);
			runOnlyForDeploymentPostprocessing = 0;
		};
/* End PBXSourcesBuildPhase section */

/* Begin PBXTargetDependency section */
		77C2F58A1CB69D0B00154DB2 /* PBXTargetDependency */ = {
			isa = PBXTargetDependency;
			target = 77C2F56E1CB69D0A00154DB2 /* AVPlayer */;
			targetProxy = 77C2F5891CB69D0B00154DB2 /* PBXContainerItemProxy */;
		};
		77C2F5951CB69D0B00154DB2 /* PBXTargetDependency */ = {
			isa = PBXTargetDependency;
			target = 77C2F56E1CB69D0A00154DB2 /* AVPlayer */;
			targetProxy = 77C2F5941CB69D0B00154DB2 /* PBXContainerItemProxy */;
		};
/* End PBXTargetDependency section */

/* Begin PBXVariantGroup section */
		7708A5A71CC617800037F210 /* Main.storyboard */ = {
			isa = PBXVariantGroup;
			children = (
				7708A5A81CC617800037F210 /* Base */,
			);
			name = Main.storyboard;
			sourceTree = "<group>";
		};
		77C2F5801CB69D0A00154DB2 /* LaunchScreen.storyboard */ = {
			isa = PBXVariantGroup;
			children = (
				77C2F5811CB69D0A00154DB2 /* Base */,
			);
			name = LaunchScreen.storyboard;
			sourceTree = "<group>";
		};
/* End PBXVariantGroup section */

/* Begin XCBuildConfiguration section */
		77C2F59A1CB69D0B00154DB2 /* Debug */ = {
			isa = XCBuildConfiguration;
			buildSettings = {
				ALWAYS_SEARCH_USER_PATHS = NO;
				CLANG_CXX_LANGUAGE_STANDARD = "gnu++0x";
				CLANG_CXX_LIBRARY = "libc++";
				CLANG_ENABLE_MODULES = YES;
				CLANG_ENABLE_OBJC_ARC = YES;
				CLANG_WARN_BOOL_CONVERSION = YES;
				CLANG_WARN_CONSTANT_CONVERSION = YES;
				CLANG_WARN_DIRECT_OBJC_ISA_USAGE = YES_ERROR;
				CLANG_WARN_EMPTY_BODY = YES;
				CLANG_WARN_ENUM_CONVERSION = YES;
				CLANG_WARN_INT_CONVERSION = YES;
				CLANG_WARN_OBJC_ROOT_CLASS = YES_ERROR;
				CLANG_WARN_UNREACHABLE_CODE = YES;
				CLANG_WARN__DUPLICATE_METHOD_MATCH = YES;
				"CODE_SIGN_IDENTITY[sdk=iphoneos*]" = "iPhone Developer";
				COPY_PHASE_STRIP = NO;
				DEBUG_INFORMATION_FORMAT = dwarf;
				ENABLE_STRICT_OBJC_MSGSEND = YES;
				ENABLE_TESTABILITY = YES;
				GCC_C_LANGUAGE_STANDARD = gnu99;
				GCC_DYNAMIC_NO_PIC = NO;
				GCC_NO_COMMON_BLOCKS = YES;
				GCC_OPTIMIZATION_LEVEL = 0;
				GCC_PREPROCESSOR_DEFINITIONS = (
					"DEBUG=1",
					"$(inherited)",
				);
				GCC_WARN_64_TO_32_BIT_CONVERSION = YES;
				GCC_WARN_ABOUT_RETURN_TYPE = YES_ERROR;
				GCC_WARN_UNDECLARED_SELECTOR = YES;
				GCC_WARN_UNINITIALIZED_AUTOS = YES_AGGRESSIVE;
				GCC_WARN_UNUSED_FUNCTION = YES;
				GCC_WARN_UNUSED_VARIABLE = YES;
				IPHONEOS_DEPLOYMENT_TARGET = 9.2;
				MTL_ENABLE_DEBUG_INFO = YES;
				ONLY_ACTIVE_ARCH = YES;
				SDKROOT = iphoneos;
				TARGETED_DEVICE_FAMILY = "1,2";
			};
			name = Debug;
		};
		77C2F59B1CB69D0B00154DB2 /* Release */ = {
			isa = XCBuildConfiguration;
			buildSettings = {
				ALWAYS_SEARCH_USER_PATHS = NO;
				CLANG_CXX_LANGUAGE_STANDARD = "gnu++0x";
				CLANG_CXX_LIBRARY = "libc++";
				CLANG_ENABLE_MODULES = YES;
				CLANG_ENABLE_OBJC_ARC = YES;
				CLANG_WARN_BOOL_CONVERSION = YES;
				CLANG_WARN_CONSTANT_CONVERSION = YES;
				CLANG_WARN_DIRECT_OBJC_ISA_USAGE = YES_ERROR;
				CLANG_WARN_EMPTY_BODY = YES;
				CLANG_WARN_ENUM_CONVERSION = YES;
				CLANG_WARN_INT_CONVERSION = YES;
				CLANG_WARN_OBJC_ROOT_CLASS = YES_ERROR;
				CLANG_WARN_UNREACHABLE_CODE = YES;
				CLANG_WARN__DUPLICATE_METHOD_MATCH = YES;
				"CODE_SIGN_IDENTITY[sdk=iphoneos*]" = "iPhone Developer";
				COPY_PHASE_STRIP = NO;
				DEBUG_INFORMATION_FORMAT = "dwarf-with-dsym";
				ENABLE_NS_ASSERTIONS = NO;
				ENABLE_STRICT_OBJC_MSGSEND = YES;
				GCC_C_LANGUAGE_STANDARD = gnu99;
				GCC_NO_COMMON_BLOCKS = YES;
				GCC_WARN_64_TO_32_BIT_CONVERSION = YES;
				GCC_WARN_ABOUT_RETURN_TYPE = YES_ERROR;
				GCC_WARN_UNDECLARED_SELECTOR = YES;
				GCC_WARN_UNINITIALIZED_AUTOS = YES_AGGRESSIVE;
				GCC_WARN_UNUSED_FUNCTION = YES;
				GCC_WARN_UNUSED_VARIABLE = YES;
				IPHONEOS_DEPLOYMENT_TARGET = 9.2;
				MTL_ENABLE_DEBUG_INFO = NO;
				SDKROOT = iphoneos;
				TARGETED_DEVICE_FAMILY = "1,2";
				VALIDATE_PRODUCT = YES;
			};
			name = Release;
		};
		77C2F59D1CB69D0B00154DB2 /* Debug */ = {
			isa = XCBuildConfiguration;
			buildSettings = {
				ASSETCATALOG_COMPILER_APPICON_NAME = AppIcon;
				CODE_SIGN_IDENTITY = "iPhone Developer";
				INFOPLIST_FILE = AVPlayer/Info.plist;
				LD_RUNPATH_SEARCH_PATHS = "$(inherited) @executable_path/Frameworks";
				PRODUCT_BUNDLE_IDENTIFIER = naizui;
				PRODUCT_NAME = "$(TARGET_NAME)";
			};
			name = Debug;
		};
		77C2F59E1CB69D0B00154DB2 /* Release */ = {
			isa = XCBuildConfiguration;
			buildSettings = {
				ASSETCATALOG_COMPILER_APPICON_NAME = AppIcon;
				CODE_SIGN_IDENTITY = "iPhone Developer";
				INFOPLIST_FILE = AVPlayer/Info.plist;
				LD_RUNPATH_SEARCH_PATHS = "$(inherited) @executable_path/Frameworks";
				PRODUCT_BUNDLE_IDENTIFIER = naizui;
				PRODUCT_NAME = "$(TARGET_NAME)";
			};
			name = Release;
		};
		77C2F5A01CB69D0B00154DB2 /* Debug */ = {
			isa = XCBuildConfiguration;
			buildSettings = {
				BUNDLE_LOADER = "$(TEST_HOST)";
				INFOPLIST_FILE = AVPlayerTests/Info.plist;
				LD_RUNPATH_SEARCH_PATHS = "$(inherited) @executable_path/Frameworks @loader_path/Frameworks";
				PRODUCT_BUNDLE_IDENTIFIER = azui.AVPlayerTests;
				PRODUCT_NAME = "$(TARGET_NAME)";
				TEST_HOST = "$(BUILT_PRODUCTS_DIR)/AVPlayer.app/AVPlayer";
			};
			name = Debug;
		};
		77C2F5A11CB69D0B00154DB2 /* Release */ = {
			isa = XCBuildConfiguration;
			buildSettings = {
				BUNDLE_LOADER = "$(TEST_HOST)";
				INFOPLIST_FILE = AVPlayerTests/Info.plist;
				LD_RUNPATH_SEARCH_PATHS = "$(inherited) @executable_path/Frameworks @loader_path/Frameworks";
				PRODUCT_BUNDLE_IDENTIFIER = azui.AVPlayerTests;
				PRODUCT_NAME = "$(TARGET_NAME)";
				TEST_HOST = "$(BUILT_PRODUCTS_DIR)/AVPlayer.app/AVPlayer";
			};
			name = Release;
		};
		77C2F5A31CB69D0B00154DB2 /* Debug */ = {
			isa = XCBuildConfiguration;
			buildSettings = {
				INFOPLIST_FILE = AVPlayerUITests/Info.plist;
				LD_RUNPATH_SEARCH_PATHS = "$(inherited) @executable_path/Frameworks @loader_path/Frameworks";
				PRODUCT_BUNDLE_IDENTIFIER = azui.AVPlayerUITests;
				PRODUCT_NAME = "$(TARGET_NAME)";
				TEST_TARGET_NAME = AVPlayer;
				USES_XCTRUNNER = YES;
			};
			name = Debug;
		};
		77C2F5A41CB69D0B00154DB2 /* Release */ = {
			isa = XCBuildConfiguration;
			buildSettings = {
				INFOPLIST_FILE = AVPlayerUITests/Info.plist;
				LD_RUNPATH_SEARCH_PATHS = "$(inherited) @executable_path/Frameworks @loader_path/Frameworks";
				PRODUCT_BUNDLE_IDENTIFIER = azui.AVPlayerUITests;
				PRODUCT_NAME = "$(TARGET_NAME)";
				TEST_TARGET_NAME = AVPlayer;
				USES_XCTRUNNER = YES;
			};
			name = Release;
		};
/* End XCBuildConfiguration section */

/* Begin XCConfigurationList section */
		77C2F56A1CB69D0A00154DB2 /* Build configuration list for PBXProject "AVPlayer" */ = {
			isa = XCConfigurationList;
			buildConfigurations = (
				77C2F59A1CB69D0B00154DB2 /* Debug */,
				77C2F59B1CB69D0B00154DB2 /* Release */,
			);
			defaultConfigurationIsVisible = 0;
			defaultConfigurationName = Release;
		};
		77C2F59C1CB69D0B00154DB2 /* Build configuration list for PBXNativeTarget "AVPlayer" */ = {
			isa = XCConfigurationList;
			buildConfigurations = (
				77C2F59D1CB69D0B00154DB2 /* Debug */,
				77C2F59E1CB69D0B00154DB2 /* Release */,
			);
			defaultConfigurationIsVisible = 0;
			defaultConfigurationName = Release;
		};
		77C2F59F1CB69D0B00154DB2 /* Build configuration list for PBXNativeTarget "AVPlayerTests" */ = {
			isa = XCConfigurationList;
			buildConfigurations = (
				77C2F5A01CB69D0B00154DB2 /* Debug */,
				77C2F5A11CB69D0B00154DB2 /* Release */,
			);
			defaultConfigurationIsVisible = 0;
			defaultConfigurationName = Release;
		};
		77C2F5A21CB69D0B00154DB2 /* Build configuration list for PBXNativeTarget "AVPlayerUITests" */ = {
			isa = XCConfigurationList;
			buildConfigurations = (
				77C2F5A31CB69D0B00154DB2 /* Debug */,
				77C2F5A41CB69D0B00154DB2 /* Release */,
			);
			defaultConfigurationIsVisible = 0;
			defaultConfigurationName = Release;
		};
/* End XCConfigurationList section */
	};
	rootObject = 77C2F5671CB69D0A00154DB2 /* Project object */;
}
